
Microsoft Visual Studio Solution File, Format Version 12.00
# Visual Studio Version 17
VisualStudioVersion = 17.10.35013.160
MinimumVisualStudioVersion = 10.0.40219.1
Project("{9A19103F-16F7-4668-BE54-9A1E7A4F7556}") = "OOPApp", "OOPApp\OOPApp.csproj", "{7F1963FB-B692-4FF4-B609-DF9FD1ED9742}"
EndProject
Project("{FAE04EC0-301F-11D3-BF4B-00C04F79EFBC}") = "Delegados", "Delegados\Delegados.csproj", "{F3D176FE-5305-4787-825F-FAA8407ACC45}"
EndProject
Project("{9A19103F-16F7-4668-BE54-9A1E7A4F7556}") = "Polimorfismo", "Polimorfismo\Polimorfismo.csproj", "{59DE9CD9-D676-4643-866B-F3DA4B33B4AB}"
EndProject
Project("{FAE04EC0-301F-11D3-BF4B-00C04F79EFBC}") = "Estadisticas", "Estadisticas\Estadisticas.csproj", "{FE3D3645-A8D5-4509-A141-CD145A79AAF2}"
EndProject
Global
	GlobalSection(SolutionConfigurationPlatforms) = preSolution
		Debug|Any CPU = Debug|Any CPU
		Release|Any CPU = Release|Any CPU
	EndGlobalSection
	GlobalSection(ProjectConfigurationPlatforms) = postSolution
		{7F1963FB-B692-4FF4-B609-DF9FD1ED9742}.Debug|Any CPU.ActiveCfg = Debug|Any CPU
		{7F1963FB-B692-4FF4-B609-DF9FD1ED9742}.Debug|Any CPU.Build.0 = Debug|Any CPU
		{7F1963FB-B692-4FF4-B609-DF9FD1ED9742}.Release|Any CPU.ActiveCfg = Release|Any CPU
		{7F1963FB-B692-4FF4-B609-DF9FD1ED9742}.Release|Any CPU.Build.0 = Release|Any CPU
		{F3D176FE-5305-4787-825F-FAA8407ACC45}.Debug|Any CPU.ActiveCfg = Debug|Any CPU
		{F3D176FE-5305-4787-825F-FAA8407ACC45}.Debug|Any CPU.Build.0 = Debug|Any CPU
		{F3D176FE-5305-4787-825F-FAA8407ACC45}.Release|Any CPU.ActiveCfg = Release|Any CPU
		{F3D176FE-5305-4787-825F-FAA8407ACC45}.Release|Any CPU.Build.0 = Release|Any CPU
		{59DE9CD9-D676-4643-866B-F3DA4B33B4AB}.Debug|Any CPU.ActiveCfg = Debug|Any CPU
		{59DE9CD9-D676-4643-866B-F3DA4B33B4AB}.Debug|Any CPU.Build.0 = Debug|Any CPU
		{59DE9CD9-D676-4643-866B-F3DA4B33B4AB}.Release|Any CPU.ActiveCfg = Release|Any CPU
		{59DE9CD9-D676-4643-866B-F3DA4B33B4AB}.Release|Any CPU.Build.0 = Release|Any CPU
		{FE3D3645-A8D5-4509-A141-CD145A79AAF2}.Debug|Any CPU.ActiveCfg = Debug|Any CPU
		{FE3D3645-A8D5-4509-A141-CD145A79AAF2}.Debug|Any CPU.Build.0 = Debug|Any CPU
		{FE3D3645-A8D5-4509-A141-CD145A79AAF2}.Release|Any CPU.ActiveCfg = Release|Any CPU
		{FE3D3645-A8D5-4509-A141-CD145A79AAF2}.Release|Any CPU.Build.0 = Release|Any CPU
	EndGlobalSection
	GlobalSection(SolutionProperties) = preSolution
		HideSolutionNode = FALSE
	EndGlobalSection
	GlobalSection(ExtensibilityGlobals) = postSolution
		SolutionGuid = {9103A3A4-7641-4191-B78B-98B046B2B2DD}
	EndGlobalSection
EndGlobal
